
Microsoft Visual Studio Solution File, Format Version 12.00
# Visual Studio Version 17
VisualStudioVersion = 17.8.34525.116
MinimumVisualStudioVersion = 10.0.40219.1
Project("{8BC9CEB8-8B4A-11D0-8D11-00A0C91BC942}") = "Bodies", "Bodies\Bodies.vcxproj", "{A98E1E4B-3C38-4699-A8FF-02C957464C6A}"
EndProject
Project("{8BC9CEB8-8B4A-11D0-8D11-00A0C91BC942}") = "BodiesTests", "BodiesTests\BodiesTests.vcxproj", "{42379B4C-80D6-4862-9C71-58DA7E6F9C16}"
EndProject
Global
	GlobalSection(SolutionConfigurationPlatforms) = preSolution
		Debug|x64 = Debug|x64
		Debug|x86 = Debug|x86
		Release|x64 = Release|x64
		Release|x86 = Release|x86
	EndGlobalSection
	GlobalSection(ProjectConfigurationPlatforms) = postSolution
		{A98E1E4B-3C38-4699-A8FF-02C957464C6A}.Debug|x64.ActiveCfg = Debug|x64
		{A98E1E4B-3C38-4699-A8FF-02C957464C6A}.Debug|x64.Build.0 = Debug|x64
		{A98E1E4B-3C38-4699-A8FF-02C957464C6A}.Debug|x86.ActiveCfg = Debug|Win32
		{A98E1E4B-3C38-4699-A8FF-02C957464C6A}.Debug|x86.Build.0 = Debug|Win32
		{A98E1E4B-3C38-4699-A8FF-02C957464C6A}.Release|x64.ActiveCfg = Release|x64
		{A98E1E4B-3C38-4699-A8FF-02C957464C6A}.Release|x64.Build.0 = Release|x64
		{A98E1E4B-3C38-4699-A8FF-02C957464C6A}.Release|x86.ActiveCfg = Release|Win32
		{A98E1E4B-3C38-4699-A8FF-02C957464C6A}.Release|x86.Build.0 = Release|Win32
		{42379B4C-80D6-4862-9C71-58DA7E6F9C16}.Debug|x64.ActiveCfg = Debug|x64
		{42379B4C-80D6-4862-9C71-58DA7E6F9C16}.Debug|x64.Build.0 = Debug|x64
		{42379B4C-80D6-4862-9C71-58DA7E6F9C16}.Debug|x86.ActiveCfg = Debug|Win32
		{42379B4C-80D6-4862-9C71-58DA7E6F9C16}.Debug|x86.Build.0 = Debug|Win32
		{42379B4C-80D6-4862-9C71-58DA7E6F9C16}.Release|x64.ActiveCfg = Release|x64
		{42379B4C-80D6-4862-9C71-58DA7E6F9C16}.Release|x64.Build.0 = Release|x64
		{42379B4C-80D6-4862-9C71-58DA7E6F9C16}.Release|x86.ActiveCfg = Release|Win32
		{42379B4C-80D6-4862-9C71-58DA7E6F9C16}.Release|x86.Build.0 = Release|Win32
	EndGlobalSection
	GlobalSection(SolutionProperties) = preSolution
		HideSolutionNode = FALSE
	EndGlobalSection
	GlobalSection(ExtensibilityGlobals) = postSolution
		SolutionGuid = {AA892901-E5FF-420C-B6D3-9E20A96A4F0D}
	EndGlobalSection
EndGlobal
